# This file is autogenerated, do not edit; changes may be undone by the next 'dep ensure'.


[[projects]]
  digest = "1:61c24bdb660a326b420d5422c4fd124041b4aac88e212c6ac75f3a57b0b9cada"
  name = "github.com/agext/levenshtein"
  packages = ["."]
  pruneopts = ""
  revision = "5f10fee965225ac1eecdc234c09daf5cd9e7f7b6"
  version = "v1.2.1"

[[projects]]
  digest = "1:158df1b5f5844347008fa48fc3efc82131d6b67570a31516a04115a67facdabd"
  name = "github.com/apache/thrift"
  packages = ["lib/go/thrift"]
  pruneopts = ""
  revision = "b2a4d4ae21c789b689dd162deb819665567f481c"
  version = "0.10.0"

[[projects]]
  digest = "1:9f81043ecde141c23c6ccbf8ec273c43eaefcaac09d3bcc53fbddd4e180e2f7c"
  name = "github.com/apparentlymart/go-cidr"
  packages = ["cidr"]
  pruneopts = ""
  revision = "2bd8b58cf4275aeb086ade613de226773e29e853"

[[projects]]
  branch = "master"
  digest = "1:ee5a076f487c362d53eacd9442ee2f6656ff3e0739256043d96fac4fccf7b9a2"
  name = "github.com/apparentlymart/go-textseg"
  packages = ["textseg"]
  pruneopts = ""
  revision = "b836f5c4d331d1945a2fead7188db25432d73b69"

[[projects]]
  branch = "master"
  digest = "1:2a1e6af234d7de1ccf4504f397cf7cfa82922ee59b29252e3c34cb38d0b91989"
  name = "github.com/armon/go-radix"
  packages = ["."]
  pruneopts = ""
  revision = "1fca145dffbcaa8fe914309b1ec0cfc67500fe61"

[[projects]]
  digest = "1:1c61d32c95989a344ed46672c1a12e2f3237af75c543a0dafb6d16de1cafceac"
  name = "github.com/aws/aws-sdk-go"
  packages = [
    "aws",
    "aws/awserr",
    "aws/awsutil",
    "aws/client",
    "aws/client/metadata",
    "aws/corehandlers",
    "aws/credentials",
    "aws/credentials/ec2rolecreds",
    "aws/credentials/endpointcreds",
    "aws/credentials/stscreds",
    "aws/defaults",
    "aws/ec2metadata",
    "aws/endpoints",
    "aws/request",
    "aws/session",
    "aws/signer/v4",
    "internal/shareddefaults",
    "private/protocol",
    "private/protocol/json/jsonutil",
    "private/protocol/jsonrpc",
    "private/protocol/query",
    "private/protocol/query/queryutil",
    "private/protocol/rest",
    "private/protocol/restxml",
    "private/protocol/xml/xmlutil",
    "service/cloudwatchlogs",
    "service/s3",
    "service/sts",
  ]
  pruneopts = ""
  revision = "fe3adbda9bc845e750e3e5767c0a14dff202b2cc"
  version = "v1.12.62"

[[projects]]
  branch = "master"
  digest = "1:98e84060475ed245c3b355042afd43a74aa7d32efe50658f4f995977916f9fc3"
  name = "github.com/bgentry/go-netrc"
  packages = ["netrc"]
  pruneopts = ""
  revision = "9fd32a8b3d3d3f9d43c341bfe098430e07609480"

[[projects]]
  digest = "1:15ceb8ca7a71db4c426d8aef1909ea074f6840efa163490bb2798f475624e4ae"
  name = "github.com/bgentry/speakeasy"
  packages = ["."]
  pruneopts = ""
  revision = "4aabc24848ce5fd31929f7d1e4ea74d3709c14cd"
  version = "v0.1.0"

[[projects]]
  digest = "1:66d649987645c83c1df7c51bcd4afbfc87c8592fed817941b618e0de905cf6f1"
  name = "github.com/blang/semver"
  packages = ["."]
  pruneopts = ""
  revision = "4a1e882c79dcf4ec00d2e29fac74b9c8938d5052"

[[projects]]
  branch = "master"
  digest = "1:c46fd324e7902268373e1b337436a6377c196e2dbd7b35624c6256d29d494e78"
  name = "github.com/codahale/hdrhistogram"
  packages = ["."]
  pruneopts = ""
  revision = "3a0bb77429bd3a61596f5e8a3172445844342120"

[[projects]]
  digest = "1:56c130d885a4aacae1dd9c7b71cfe39912c7ebc1ff7d2b46083c8812996dc43b"
  name = "github.com/davecgh/go-spew"
  packages = ["spew"]
  pruneopts = ""
  revision = "346938d642f2ec3594ed81d874461961cd0faa76"
  version = "v1.1.0"

[[projects]]
  digest = "1:7b4b8c901568da024c49be7ff5e20fdecef629b60679c803041093823fb8d081"
  name = "github.com/djherbis/times"
  packages = ["."]
  pruneopts = ""
  revision = "95292e44976d1217cf3611dc7c8d9466877d3ed5"
  version = "v1.0.1"

[[projects]]
  branch = "master"
  digest = "1:f406e345c8ef92f06e3e02f72dec4415c6f0721da43bc7f47ecd65899a417e2f"
  name = "github.com/gedex/inflector"
  packages = ["."]
  pruneopts = ""
  revision = "16278e9db8130ac7ec405dc174cfb94344f16325"

[[projects]]
  digest = "1:a00483fe4106b86fb1187a92b5cf6915c85f294ed4c129ccbe7cb1f1a06abd46"
  name = "github.com/go-ini/ini"
  packages = ["."]
  pruneopts = ""
  revision = "32e4c1e6bc4e7d0d8451aa6b75200d19e37a536a"
  version = "v1.32.0"

[[projects]]
  branch = "master"
  digest = "1:107b233e45174dbab5b1324201d092ea9448e58243ab9f039e4c0f332e121e3a"
  name = "github.com/golang/glog"
  packages = ["."]
  pruneopts = ""
  revision = "23def4e6c14b4da8ac2ed8007337bc5eb5007998"

[[projects]]
  branch = "master"
  digest = "1:5baa2c02dc99e7e19da7e5f78f5df65649f0c45ffc2bfd695faa712a4d6ac779"
  name = "github.com/golang/protobuf"
  packages = [
    "proto",
    "protoc-gen-go/descriptor",
    "ptypes",
    "ptypes/any",
    "ptypes/duration",
    "ptypes/empty",
    "ptypes/struct",
    "ptypes/timestamp",
  ]
  pruneopts = ""
  revision = "17ce1425424ab154092bbb43af630bd647f3bb0d"

[[projects]]
  digest = "1:370b0dcd410a435342b16a6cb86c47fd4aebddd9c0a720d228f63d804b686b97"
  name = "github.com/google/go-github"
  packages = ["github"]
  pruneopts = ""
  revision = "5f3187e17912ee2e3fbe2fa5bdada9d577d25e83"

[[projects]]
  branch = "master"
  digest = "1:9abc49f39e3e23e262594bb4fb70abf74c0c99e94f99153f43b143805e850719"
  name = "github.com/google/go-querystring"
  packages = ["query"]
  pruneopts = ""
  revision = "53e6ce116135b80d037921a7fdd5138cf32d7a8a"

[[projects]]
  branch = "master"
  digest = "1:cbc7b4e69beaafd1adeb85cbb85dc3ffe1f0b99fb255d6f1ea2bfa50224f9b93"
  name = "github.com/grpc-ecosystem/grpc-opentracing"
  packages = ["go/otgrpc"]
  pruneopts = ""
  revision = "0e7658f8ee99ee5aa683e2a032b8880091b7a055"

[[projects]]
  digest = "1:304c322b62533a48ac052ffee80f67087fce1bc07186cd4e610a1b0e77765836"
  name = "github.com/hashicorp/errwrap"
  packages = ["."]
  pruneopts = ""
  revision = "7554cd9344cec97297fa6649b055a8c98c2a1e55"

[[projects]]
  digest = "1:ae263e6b149fb7aadfc0f2284a8891cc3b9d2700e58b9a613fecf70fcc6e495d"
  name = "github.com/hashicorp/go-cleanhttp"
  packages = ["."]
  pruneopts = ""
  revision = "3573b8b52aa7b37b9358d966a898feb387f62437"

[[projects]]
  branch = "master"
  digest = "1:61a21f8a614f7795ac697f4d4849706d15c51c400476687432c8bb02f12e4a41"
  name = "github.com/hashicorp/go-getter"
  packages = [
    ".",
    "helper/url",
  ]
  pruneopts = ""
  revision = "961f56d2e93379b7d9c578e998d09257509a6f97"

[[projects]]
  digest = "1:2eec3384eaeed0ce9282113b0745f3ebecc7dcd6fc24db4c8b0274436483bf79"
  name = "github.com/hashicorp/go-multierror"
  packages = ["."]
  pruneopts = ""
  revision = "d30f09973e19c1dfcd120b2d9c4f168e68d6b5d5"

[[projects]]
  digest = "1:c7d71f1c9043297e1e7a732c5fd3957d3bf54fab6d4b9168f616b7414f63986c"
  name = "github.com/hashicorp/go-uuid"
  packages = ["."]
  pruneopts = ""
  revision = "36289988d83ca270bc07c234c36f364b0dd9c9a7"

[[projects]]
  digest = "1:91d67eb3c741f529114f8a66d7b329180bb9999e8e7633763e42972fe0235b5c"
  name = "github.com/hashicorp/go-version"
  packages = ["."]
  pruneopts = ""
  revision = "e96d3840402619007766590ecea8dd7af1292276"

[[projects]]
  digest = "1:3987769d49296c4250c0e2311e62c3fe0ced8a46eca3f23eb3c242b53ec8ec27"
  name = "github.com/hashicorp/hcl"
  packages = [
    ".",
    "hcl/ast",
    "hcl/parser",
    "hcl/scanner",
    "hcl/strconv",
    "hcl/token",
    "json/parser",
    "json/scanner",
    "json/token",
  ]
  pruneopts = ""
  revision = "a4b07c25de5ff55ad3b8936cea69a79a3d95a855"

[[projects]]
  digest = "1:597b5bd06022a310c334ad0098cc7a75907b39687c89092b8a3aaa539728f103"
  name = "github.com/hashicorp/hcl2"
  packages = [
    "gohcl",
    "hcl",
    "hcl/hclsyntax",
    "hcl/json",
    "hcldec",
    "hclparse",
  ]
  pruneopts = ""
  revision = "44bad6dbf5490f5da17ec991e664df3d017b706f"

[[projects]]
  digest = "1:f63bbfd54a9ebe0f15cd6597d58f404874fd20739faf56170879767db2fe69dc"
  name = "github.com/hashicorp/hil"
  packages = [
    ".",
    "ast",
    "parser",
    "scanner",
  ]
  pruneopts = ""
  revision = "fa9f258a92500514cc8e9c67020487709df92432"

[[projects]]
  digest = "1:8b7dd3b581147b44cf522c66894b9119ab845c346d8f124d83f77ab499cf7ca3"
  name = "github.com/hashicorp/logutils"
  packages = ["."]
  pruneopts = ""
  revision = "0dc08b1671f34c4250ce212759ebd880f743d883"

[[projects]]
  branch = "pulumi-master"
  digest = "1:e606d8902049f3a49fa5f34bea4cc14a5468cc4ad240aa9f83f3abaf4342218b"
  name = "github.com/hashicorp/terraform"
  packages = [
    "config",
    "config/configschema",
    "config/hcl2shim",
    "config/module",
    "dag",
    "flatmap",
    "helper/hashcode",
    "helper/hilmapstructure",
    "helper/logging",
    "helper/schema",
    "moduledeps",
    "plugin/discovery",
    "registry/regsrc",
    "registry/response",
    "svchost",
    "svchost/auth",
    "svchost/disco",
    "terraform",
    "tfdiags",
    "version",
  ]
  pruneopts = ""
  revision = "7853e18180b458aad06be96b29edd0cdfd9e837a"
  source = "github.com/pulumi/terraform"

[[projects]]
  digest = "1:870d441fe217b8e689d7949fef6e43efbc787e50f200cb1e70dbca9204a1d6be"
  name = "github.com/inconshreveable/mousetrap"
  packages = ["."]
  pruneopts = ""
  revision = "76626ae9c91c4f2a10f34cad8ce83ea42c93bb75"
  version = "v1.0"

[[projects]]
  digest = "1:6f49eae0c1e5dab1dafafee34b207aeb7a42303105960944828c2079b92fc88e"
  name = "github.com/jmespath/go-jmespath"
  packages = ["."]
  pruneopts = ""
  revision = "0b12d6b5"

[[projects]]
  digest = "1:78229b46ddb7434f881390029bd1af7661294af31f6802e0e1bedaad4ab0af3c"
  name = "github.com/mattn/go-isatty"
  packages = ["."]
  pruneopts = ""
  revision = "0360b2af4f38e8d38c7fce2a9f4e702702d73a39"
  version = "v0.0.3"

[[projects]]
  digest = "1:39ea802d82adbe69247c3222654ac34575a08be8da85642a99c30af1d148df0f"
  name = "github.com/mitchellh/cli"
  packages = ["."]
  pruneopts = ""
  revision = "65fcae5817c8600da98ada9d7edf26dd1a84837b"

[[projects]]
  digest = "1:ceb2222ac314530587401f81f7077ddab3661d42cb78e177f060bb4980af5343"
  name = "github.com/mitchellh/copystructure"
  packages = ["."]
  pruneopts = ""
  revision = "5af94aef99f597e6a9e1f6ac6be6ce0f3c96b49d"

[[projects]]
  digest = "1:59d11e81d6fdd12a771321696bb22abdd9a94d26ac864787e98c9b419e428734"
  name = "github.com/mitchellh/go-homedir"
  packages = ["."]
  pruneopts = ""
  revision = "b8bc1bf767474819792c23f32d8286a45736f1c6"

[[projects]]
  branch = "master"
  digest = "1:1dee6133ab829c8559a39031ad1e0e3538e4a7b34d3e0509d1fc247737e928c1"
  name = "github.com/mitchellh/go-ps"
  packages = ["."]
  pruneopts = ""
  revision = "4fdf99ab29366514c69ccccddab5dc58b8d84062"

[[projects]]
  branch = "master"
  digest = "1:51c98e2c9a8d0a724a69f46421876af14e12132cb02f1d0e144785d752247162"
  name = "github.com/mitchellh/go-testing-interface"
  packages = ["."]
  pruneopts = ""
  revision = "a61a99592b77c9ba629d254a693acffaeb4b7e28"

[[projects]]
  branch = "master"
  digest = "1:1856ee5a608d9e93667ac7811fc6360e2a9cae3ada938b3f13016c578b6d5f6e"
  name = "github.com/mitchellh/go-wordwrap"
  packages = ["."]
  pruneopts = ""
  revision = "ad45545899c7b13c020ea92b2072220eefad42b8"

[[projects]]
  digest = "1:a972cefd19c417781550c728102b845caf2660f4802fef32d7ec93051f49cc7f"
  name = "github.com/mitchellh/hashstructure"
  packages = ["."]
  pruneopts = ""
  revision = "6b17d669fac5e2f71c16658d781ec3fdd3802b69"

[[projects]]
  digest = "1:bb0e4a3978e431057311bea87d9246cc79e6a433894e402866c6dc5c0f540b2e"
  name = "github.com/mitchellh/mapstructure"
  packages = ["."]
  pruneopts = ""
  revision = "53818660ed4955e899c0bcafa97299a388bd7c8e"

[[projects]]
  digest = "1:51308ed1b2c2b4ba814f821da6d6da4bfb14a52197d6b78896e2e4733618c652"
  name = "github.com/mitchellh/reflectwalk"
  packages = ["."]
  pruneopts = ""
  revision = "92573fe8d000a145bfebc03a16bc22b34945867f"

[[projects]]
  digest = "1:78fb99d6011c2ae6c72f3293a83951311147b12b06a5ffa43abf750c4fab6ac5"
  name = "github.com/opentracing/opentracing-go"
  packages = [
    ".",
    "ext",
    "log",
  ]
  pruneopts = ""
  revision = "1949ddbfd147afd4d964a9f00b24eb291e0e7c38"
  version = "v1.0.2"

[[projects]]
  digest = "1:9c740db1f7015dffa093aa5c70862d277fe49f5e92b56ca5d0d69ef0e37c01db"
  name = "github.com/pelletier/go-toml"
  packages = ["."]
  pruneopts = ""
  revision = "16398bac157da96aa88f98a2df640c7f32af1da2"
  version = "v1.0.1"

[[projects]]
  digest = "1:7365acd48986e205ccb8652cc746f09c8b7876030d53710ea6ef7d0bd0dcd7ca"
  name = "github.com/pkg/errors"
  packages = ["."]
  pruneopts = ""
  revision = "645ef00459ed84a119197bfb8d8205042c6df63d"
  version = "v0.8.0"

[[projects]]
  digest = "1:256484dbbcd271f9ecebc6795b2df8cad4c458dd0f5fd82a8c2fa0c29f233411"
  name = "github.com/pmezard/go-difflib"
  packages = ["difflib"]
  pruneopts = ""
  revision = "792786c7400a136282c1664665ae0a8db921c6c2"
  version = "v1.0.0"

[[projects]]
  digest = "1:257644eddd6b1722f96711c3ca98c9ef755b77cb9f446e23e5ce03fbabafdcd3"
  name = "github.com/posener/complete"
  packages = [
    ".",
    "cmd",
    "cmd/install",
    "match",
  ]
  pruneopts = ""
  revision = "dc2bc5a81accba8782bebea28628224643a8286a"
  version = "v1.1"

[[projects]]
  digest = "1:1af53ef132b679ba93459780889ac472c20d137d58f1f52851202c32c681751f"
  name = "github.com/pulumi/pulumi"
  packages = [
    "pkg/apitype",
    "pkg/backend",
    "pkg/backend/local",
    "pkg/diag",
    "pkg/diag/colors",
    "pkg/encoding",
    "pkg/engine",
    "pkg/operations",
    "pkg/resource",
    "pkg/resource/config",
    "pkg/resource/deploy",
    "pkg/resource/plugin",
    "pkg/resource/provider",
    "pkg/resource/stack",
    "pkg/testing",
    "pkg/testing/integration",
    "pkg/tokens",
    "pkg/tools",
    "pkg/util/cmdutil",
    "pkg/util/contract",
    "pkg/util/fsutil",
    "pkg/util/mapper",
    "pkg/util/retry",
    "pkg/util/rpcutil",
    "pkg/version",
    "pkg/workspace",
    "sdk/proto/go",
  ]
  pruneopts = ""
  revision = "304af9cdf192f484ffd7cc29d980524172009093"

[[projects]]
  digest = "1:38bf7ba89462154207d414171b8d680d586f8794986055d3bb4fcadcea94da9a"
  name = "github.com/pulumi/pulumi-terraform"
  packages = [
    "pkg/tfbridge",
    "pkg/tfgen",
  ]
  pruneopts = ""
  revision = "fe4b00ca832323f3c9461bf64118c523e8792812"

[[projects]]
  branch = "master"
  digest = "1:5d372d623fca34e1bddf0ca733b47dbfad0220644753213ade88cc60be366710"
  name = "github.com/reconquest/loreley"
  packages = ["."]
  pruneopts = ""
  revision = "2ab6b7470a54bfa9b5b0289f9b4e8fc4839838f7"

[[projects]]
  digest = "1:8f956d17662ac1b55d71d6cbb42d036905a637baf16d243a408690e8bb4df0b9"
  name = "github.com/satori/go.uuid"
  packages = ["."]
  pruneopts = ""
  revision = "b061729afc07e77a8aa4fad0a2fd840958f1942a"

[[projects]]
  digest = "1:3962f553b77bf6c03fc07cd687a22dd3b00fe11aa14d31194f5505f5bb65cdc8"
  name = "github.com/sergi/go-diff"
  packages = ["diffmatchpatch"]
  pruneopts = ""
  revision = "1744e2970ca51c86172c8190fadad617561ed6e7"
  version = "v1.0.0"

[[projects]]
  branch = "master"
  digest = "1:146327ce93be37e68bd3ff8541090d96da8cb3adc9e35d57570e9170a29f6bf6"
  name = "github.com/spf13/cobra"
  packages = ["."]
  pruneopts = ""
  revision = "b78744579491c1ceeaaa3b40205e56b0591b93a3"

[[projects]]
  digest = "1:261bc565833ef4f02121450d74eb88d5ae4bd74bfe5d0e862cddb8550ec35000"
  name = "github.com/spf13/pflag"
  packages = ["."]
  pruneopts = ""
  revision = "e57e3eeb33f795204c1ca35f56c44f83227c6e66"
  version = "v1.0.0"

[[projects]]
  digest = "1:2d0dc026c4aef5e2f3a0e06a4dabe268b840d8f63190cf6894e02134a03f52c5"
  name = "github.com/stretchr/testify"
  packages = ["assert"]
  pruneopts = ""
  revision = "b91bfb9ebec76498946beb6af7c0230c7cc7ba6c"
  version = "v1.2.0"

[[projects]]
  digest = "1:a2fdfcf5b1393a49a82870daddbb80857df95dbd6f41f9a50872fb90ffdaf22a"
  name = "github.com/terraform-providers/terraform-provider-github"
  packages = ["github"]
  pruneopts = ""
  revision = "f9ed0a0371feb6221be85ebdf983c8dea1eac052"
  version = "v0.1.1"

[[projects]]
  digest = "1:bd88be6b21da3e44c062869bc19ed40312f8e13780724655eb1ee77787c6b34d"
  name = "github.com/uber/jaeger-client-go"
  packages = [
    ".",
    "internal/baggage",
    "internal/spanlog",
    "log",
    "thrift-gen/agent",
    "thrift-gen/jaeger",
    "thrift-gen/sampling",
    "thrift-gen/zipkincore",
    "transport/zipkin",
    "utils",
  ]
  pruneopts = ""
  revision = "3ac96c6e679cb60a74589b0d0aa7c70a906183f7"
  version = "v2.11.2"

[[projects]]
  digest = "1:929a50995c3520005afd4aa115966bf8d314621525550459304495555b7a32b4"
  name = "github.com/uber/jaeger-lib"
  packages = ["metrics"]
  pruneopts = ""
  revision = "7f95f4f7e80028096410abddaae2556e4c61b59f"
  version = "v1.3.1"

[[projects]]
  digest = "1:ee723e6a1962a196eeba1b24f82af61a4f60f8821d7aa96d48e787f8337bcffc"
  name = "github.com/ulikunitz/xz"
  packages = [
    ".",
    "internal/hash",
    "internal/xlog",
    "lzma",
  ]
  pruneopts = ""
  revision = "0c6b41e72360850ca4f98dc341fd999726ea007f"
  version = "v0.5.4"

[[projects]]
  digest = "1:ee9d0fafc925d015e7e7ab627a6b9e852539b5a74ca780cfebb660db6c374a23"
  name = "github.com/zclconf/go-cty"
  packages = [
    "cty",
    "cty/convert",
    "cty/function",
    "cty/function/stdlib",
    "cty/gocty",
    "cty/json",
    "cty/set",
  ]
  pruneopts = ""
  revision = "8bf222d6d03b7b336d013978f3acbfd877da428f"

[[projects]]
  digest = "1:be622bb7d17058279d61dfb985f163090fed1c7e250f35084bb517dedb80a583"
  name = "golang.org/x/crypto"
  packages = [
    "bcrypt",
    "blowfish",
    "cast5",
    "openpgp",
    "openpgp/armor",
    "openpgp/elgamal",
    "openpgp/errors",
    "openpgp/packet",
    "openpgp/s2k",
    "pbkdf2",
    "ssh/terminal",
  ]
  pruneopts = ""
  revision = "eb71ad9bd329b5ac0fd0148dd99bd62e8be8e035"

[[projects]]
  digest = "1:898bc7c802c1e0c20cecd65811e90b7b9bc5651b4a07aefd159451bfb200b2b3"
  name = "golang.org/x/net"
  packages = [
    "context",
    "context/ctxhttp",
    "html",
    "html/atom",
    "http2",
    "http2/hpack",
    "idna",
    "internal/timeseries",
    "lex/httplex",
    "trace",
  ]
  pruneopts = ""
  revision = "a04bdaca5b32abe1c069418fb7088ae607de5bd0"

[[projects]]
  branch = "master"
  digest = "1:98187a784b420066f336ccdce96e11d1244a716e732fb2f50f40a0fa493bbcf7"
  name = "golang.org/x/oauth2"
  packages = [
    ".",
    "internal",
  ]
  pruneopts = ""
  revision = "30785a2c434e431ef7c507b54617d6a951d5f2b4"

[[projects]]
  branch = "master"
  digest = "1:bb5d2827756ed2643c24e303c029ae932fe027ae56cda99eb4bafcb7ac2cb994"
  name = "golang.org/x/sys"
  packages = [
    "unix",
    "windows",
  ]
  pruneopts = ""
  revision = "a5054c7c1385fd50d9394475365355a87a7873ec"

[[projects]]
  branch = "master"
  digest = "1:653926785eac385fd1d61dc16360a5194c68d4bf2541234363a9375d2e88a039"
  name = "golang.org/x/text"
  packages = [
    "internal/gen",
    "internal/triegen",
    "internal/ucd",
    "secure/bidirule",
    "transform",
    "unicode/bidi",
    "unicode/cldr",
    "unicode/norm",
    "unicode/rangetable",
  ]
  pruneopts = ""
  revision = "bd91bbf73e9a4a801adbfb97133c992678533126"

[[projects]]
  digest = "1:934fb8966f303ede63aa405e2c8d7f0a427a05ea8df335dfdc1833dd4d40756f"
  name = "google.golang.org/appengine"
  packages = [
    "internal",
    "internal/base",
    "internal/datastore",
    "internal/log",
    "internal/remote_api",
    "internal/urlfetch",
    "urlfetch",
  ]
  pruneopts = ""
  revision = "150dc57a1b433e64154302bdc40b6bb8aefa313a"
  version = "v1.0.0"

[[projects]]
  branch = "master"
  digest = "1:6f35d1c2e4ad16fb2668d65d9e8ce5564b1fdb200fcae98633ecb4cc7176fb81"
  name = "google.golang.org/genproto"
  packages = ["googleapis/rpc/status"]
  pruneopts = ""
  revision = "595979c8a7bf586b2d293fb42246bf91a0b893d9"

[[projects]]
  digest = "1:b5cec1d5f5a9bc284b645afb8ba9cbd6b145cb20545bb3eb13c1aa10600ece31"
  name = "google.golang.org/grpc"
  packages = [
    ".",
    "balancer",
    "codes",
    "connectivity",
    "credentials",
    "grpclb/grpc_lb_v1/messages",
    "grpclog",
    "internal",
    "keepalive",
    "metadata",
    "naming",
    "peer",
    "reflection",
    "reflection/grpc_reflection_v1alpha",
    "resolver",
    "stats",
    "status",
    "tap",
    "transport",
  ]
  pruneopts = ""
  revision = "5ffe3083946d5603a0578721101dc8165b1d5b5f"
  version = "v1.7.2"

[[projects]]
  branch = "v2"
  digest = "1:4b4e5848dfe7f316f95f754df071bebfb40cf4482da62e17e7e1aebdf11f4918"
  name = "gopkg.in/yaml.v2"
  packages = ["."]
  pruneopts = ""
  revision = "d670f9405373e636a5a2765eea47fac0c9bc91a4"

[solve-meta]
  analyzer-name = "dep"
  analyzer-version = 1
  input-imports = [
    "github.com/hashicorp/terraform/helper/schema",
    "github.com/pulumi/pulumi-terraform/pkg/tfbridge",
    "github.com/pulumi/pulumi-terraform/pkg/tfgen",
    "github.com/pulumi/pulumi/pkg/testing/integration",
    "github.com/pulumi/pulumi/pkg/tokens",
    "github.com/stretchr/testify/assert",
    "github.com/terraform-providers/terraform-provider-github/github",
  ]
  solver-name = "gps-cdcl"
  solver-version = 1
